{
    "_meta": {
        "hash": {
            "sha256": "e13a5bdb8e3cc9a55c87ab7614794fe2e26c6bac197c07e23abd1a1709a25f70"
        },
        "pipfile-spec": 6,
        "requires": {
            "python_version": "3.7"
        },
        "sources": [
            {
                "name": "pypi",
                "url": "https://pypi.org/simple",
                "verify_ssl": true
            }
        ]
    },
    "default": {
        "feedparser": {
            "hashes": [
                "sha256:a522b2b81f3914a74ae44161a341940f74811bd29be5b4c2a689e6e6be51cd39",
                "sha256:dad42e7beaec55f99c08b2b0cf7288bc7cfd24b6f72c8ef85478bcb55648cd42"
            ],
            "index": "pypi",
            "version": "==6.0.9"
        },
        "sgmllib3k": {
            "hashes": [
                "sha256:7868fb1c8bfa764c1ac563d3cf369c381d1325d36124933a726f29fcdaa812e9"
            ],
            "version": "==1.0.0"
        }
    },
    "develop": {
        "isort": {
            "hashes": [
                "sha256:9c2ea1e62d871267b78307fe511c0838ba0da28698c5732d54e2790bf3ba9899",
                "sha256:e17d6e2b81095c9db0a03a8025a957f334d6ea30b26f9ec70805411e5c7c81f2"
            ],
            "index": "pypi",
            "version": "==5.9.3"
        }
    }
}
