{
    "_meta": {
        "hash": {
            "sha256": "e13a5bdb8e3cc9a55c87ab7614794fe2e26c6bac197c07e23abd1a1709a25f70"
        },
        "pipfile-spec": 6,
        "requires": {
            "python_version": "3.7"
        },
        "sources": [
            {
                "name": "pypi",
                "url": "https://pypi.org/simple",
                "verify_ssl": true
            }
        ]
    },
    "default": {
        "feedparser": {
            "hashes": [
                "sha256:27da485f4637ce7163cdeab13a80312b93b7d0c1b775bef4a47629a3110bca51",
                "sha256:79c257d526d13b944e965f6095700587f27388e50ea16fd245babe4dfae7024f"
            ],
            "index": "pypi",
            "version": "==6.0.10"
        },
        "sgmllib3k": {
            "hashes": [
                "sha256:7868fb1c8bfa764c1ac563d3cf369c381d1325d36124933a726f29fcdaa812e9"
            ],
            "version": "==1.0.0"
        }
    },
    "develop": {
        "isort": {
            "hashes": [
                "sha256:7c5bd998504826b6f1e6f2f98b533976b066baba29b8bae83fdeefd0b89c6b70",
                "sha256:bf02c95f1fe615ebbe13a619cfed1619ddfe8941274c9e3de3143adca406cb02"
            ],
            "index": "pypi",
            "version": "==5.11.1"
        }
    }
}
